// !$*UTF8*$!
{
	archiveVersion = 1;
	classes = {
	};
	objectVersion = 56;
	objects = {

/* Begin PBXBuildFile section */
		3140C890294F65A500D4E11B /* Landmark_BookApp.swift in Sources */ = {isa = PBXBuildFile; fileRef = 3140C88F294F65A500D4E11B /* Landmark_BookApp.swift */; };
		3140C892294F65A500D4E11B /* ContentView.swift in Sources */ = {isa = PBXBuildFile; fileRef = 3140C891294F65A500D4E11B /* ContentView.swift */; };
		3140C894294F65A600D4E11B /* Assets.xcassets in Resources */ = {isa = PBXBuildFile; fileRef = 3140C893294F65A600D4E11B /* Assets.xcassets */; };
		3140C897294F65A600D4E11B /* Preview Assets.xcassets in Resources */ = {isa = PBXBuildFile; fileRef = 3140C896294F65A600D4E11B /* Preview Assets.xcassets */; };
		3140C89E294F661000D4E11B /* LandMarkModel.swift in Sources */ = {isa = PBXBuildFile; fileRef = 3140C89D294F661000D4E11B /* LandMarkModel.swift */; };
		3140C8A0294F6A0100D4E11B /* DetailView.swift in Sources */ = {isa = PBXBuildFile; fileRef = 3140C89F294F6A0100D4E11B /* DetailView.swift */; };
		3140C8A2294F6B2000D4E11B /* CircularImage.swift in Sources */ = {isa = PBXBuildFile; fileRef = 3140C8A1294F6B2000D4E11B /* CircularImage.swift */; };
		3140C8A4294F79D000D4E11B /* MapView.swift in Sources */ = {isa = PBXBuildFile; fileRef = 3140C8A3294F79D000D4E11B /* MapView.swift */; };
/* End PBXBuildFile section */

/* Begin PBXFileReference section */
		3140C88C294F65A500D4E11B /* Landmark Book.app */ = {isa = PBXFileReference; explicitFileType = wrapper.application; includeInIndex = 0; path = "Landmark Book.app"; sourceTree = BUILT_PRODUCTS_DIR; };
		3140C88F294F65A500D4E11B /* Landmark_BookApp.swift */ = {isa = PBXFileReference; lastKnownFileType = sourcecode.swift; path = Landmark_BookApp.swift; sourceTree = "<group>"; };
		3140C891294F65A500D4E11B /* ContentView.swift */ = {isa = PBXFileReference; lastKnownFileType = sourcecode.swift; path = ContentView.swift; sourceTree = "<group>"; };
		3140C893294F65A600D4E11B /* Assets.xcassets */ = {isa = PBXFileReference; lastKnownFileType = folder.assetcatalog; path = Assets.xcassets; sourceTree = "<group>"; };
		3140C896294F65A600D4E11B /* Preview Assets.xcassets */ = {isa = PBXFileReference; lastKnownFileType = folder.assetcatalog; path = "Preview Assets.xcassets"; sourceTree = "<group>"; };
		3140C89D294F661000D4E11B /* LandMarkModel.swift */ = {isa = PBXFileReference; lastKnownFileType = sourcecode.swift; path = LandMarkModel.swift; sourceTree = "<group>"; };
		3140C89F294F6A0100D4E11B /* DetailView.swift */ = {isa = PBXFileReference; lastKnownFileType = sourcecode.swift; path = DetailView.swift; sourceTree = "<group>"; };
		3140C8A1294F6B2000D4E11B /* CircularImage.swift */ = {isa = PBXFileReference; lastKnownFileType = sourcecode.swift; path = CircularImage.swift; sourceTree = "<group>"; };
		3140C8A3294F79D000D4E11B /* MapView.swift */ = {isa = PBXFileReference; lastKnownFileType = sourcecode.swift; path = MapView.swift; sourceTree = "<group>"; };
/* End PBXFileReference section */

/* Begin PBXFrameworksBuildPhase section */
		3140C889294F65A500D4E11B /* Frameworks */ = {
			isa = PBXFrameworksBuildPhase;
			buildActionMask = 2147483647;
			files = (
			);
			runOnlyForDeploymentPostprocessing = 0;
		};
/* End PBXFrameworksBuildPhase section */

/* Begin PBXGroup section */
		3140C883294F65A500D4E11B = {
			isa = PBXGroup;
			children = (
				3140C88E294F65A500D4E11B /* Landmark Book */,
				3140C88D294F65A500D4E11B /* Products */,
			);
			sourceTree = "<group>";
		};
		3140C88D294F65A500D4E11B /* Products */ = {
			isa = PBXGroup;
			children = (
				3140C88C294F65A500D4E11B /* Landmark Book.app */,
			);
			name = Products;
			sourceTree = "<group>";
		};
		3140C88E294F65A500D4E11B /* Landmark Book */ = {
			isa = PBXGroup;
			children = (
				3140C88F294F65A500D4E11B /* Landmark_BookApp.swift */,
				3140C891294F65A500D4E11B /* ContentView.swift */,
				3140C89D294F661000D4E11B /* LandMarkModel.swift */,
				3140C89F294F6A0100D4E11B /* DetailView.swift */,
				3140C893294F65A600D4E11B /* Assets.xcassets */,
				3140C895294F65A600D4E11B /* Preview Content */,
				3140C8A1294F6B2000D4E11B /* CircularImage.swift */,
				3140C8A3294F79D000D4E11B /* MapView.swift */,
			);
			path = "Landmark Book";
			sourceTree = "<group>";
		};
		3140C895294F65A600D4E11B /* Preview Content */ = {
			isa = PBXGroup;
			children = (
				3140C896294F65A600D4E11B /* Preview Assets.xcassets */,
			);
			path = "Preview Content";
			sourceTree = "<group>";
		};
/* End PBXGroup section */

/* Begin PBXNativeTarget section */
		3140C88B294F65A500D4E11B /* Landmark Book */ = {
			isa = PBXNativeTarget;
			buildConfigurationList = 3140C89A294F65A600D4E11B /* Build configuration list for PBXNativeTarget "Landmark Book" */;
			buildPhases = (
				3140C888294F65A500D4E11B /* Sources */,
				3140C889294F65A500D4E11B /* Frameworks */,
				3140C88A294F65A500D4E11B /* Resources */,
			);
			buildRules = (
			);
			dependencies = (
			);
			name = "Landmark Book";
			productName = "Landmark Book";
			productReference = 3140C88C294F65A500D4E11B /* Landmark Book.app */;
			productType = "com.apple.product-type.application";
		};
/* End PBXNativeTarget section */

/* Begin PBXProject section */
		3140C884294F65A500D4E11B /* Project object */ = {
			isa = PBXProject;
			attributes = {
				BuildIndependentTargetsInParallel = 1;
				LastSwiftUpdateCheck = 1410;
				LastUpgradeCheck = 1410;
				TargetAttributes = {
					3140C88B294F65A500D4E11B = {
						CreatedOnToolsVersion = 14.1;
					};
				};
			};
			buildConfigurationList = 3140C887294F65A500D4E11B /* Build configuration list for PBXProject "Landmark Book" */;
			compatibilityVersion = "Xcode 14.0";
			developmentRegion = en;
			hasScannedForEncodings = 0;
			knownRegions = (
				en,
				Base,
			);
			mainGroup = 3140C883294F65A500D4E11B;
			productRefGroup = 3140C88D294F65A500D4E11B /* Products */;
			projectDirPath = "";
			projectRoot = "";
			targets = (
				3140C88B294F65A500D4E11B /* Landmark Book */,
			);
		};
/* End PBXProject section */

/* Begin PBXResourcesBuildPhase section */
		3140C88A294F65A500D4E11B /* Resources */ = {
			isa = PBXResourcesBuildPhase;
			buildActionMask = 2147483647;
			files = (
				3140C897294F65A600D4E11B /* Preview Assets.xcassets in Resources */,
				3140C894294F65A600D4E11B /* Assets.xcassets in Resources */,
			);
			runOnlyForDeploymentPostprocessing = 0;
		};
/* End PBXResourcesBuildPhase section */

/* Begin PBXSourcesBuildPhase section */
		3140C888294F65A500D4E11B /* Sources */ = {
			isa = PBXSourcesBuildPhase;
			buildActionMask = 2147483647;
			files = (
				3140C89E294F661000D4E11B /* LandMarkModel.swift in Sources */,
				3140C8A4294F79D000D4E11B /* MapView.swift in Sources */,
				3140C8A0294F6A0100D4E11B /* DetailView.swift in Sources */,
				3140C8A2294F6B2000D4E11B /* CircularImage.swift in Sources */,
				3140C892294F65A500D4E11B /* ContentView.swift in Sources */,
				3140C890294F65A500D4E11B /* Landmark_BookApp.swift in Sources */,
			);
			runOnlyForDeploymentPostprocessing = 0;
		};
/* End PBXSourcesBuildPhase section */

/* Begin XCBuildConfiguration section */
		3140C898294F65A600D4E11B /* Debug */ = {
			isa = XCBuildConfiguration;
			buildSettings = {
				ALWAYS_SEARCH_USER_PATHS = NO;
				CLANG_ANALYZER_NONNULL = YES;
				CLANG_ANALYZER_NUMBER_OBJECT_CONVERSION = YES_AGGRESSIVE;
				CLANG_CXX_LANGUAGE_STANDARD = "gnu++20";
				CLANG_ENABLE_MODULES = YES;
				CLANG_ENABLE_OBJC_ARC = YES;
				CLANG_ENABLE_OBJC_WEAK = YES;
				CLANG_WARN_BLOCK_CAPTURE_AUTORELEASING = YES;
				CLANG_WARN_BOOL_CONVERSION = YES;
				CLANG_WARN_COMMA = YES;
				CLANG_WARN_CONSTANT_CONVERSION = YES;
				CLANG_WARN_DEPRECATED_OBJC_IMPLEMENTATIONS = YES;
				CLANG_WARN_DIRECT_OBJC_ISA_USAGE = YES_ERROR;
				CLANG_WARN_DOCUMENTATION_COMMENTS = YES;
				CLANG_WARN_EMPTY_BODY = YES;
				CLANG_WARN_ENUM_CONVERSION = YES;
				CLANG_WARN_INFINITE_RECURSION = YES;
				CLANG_WARN_INT_CONVERSION = YES;
				CLANG_WARN_NON_LITERAL_NULL_CONVERSION = YES;
				CLANG_WARN_OBJC_IMPLICIT_RETAIN_SELF = YES;
				CLANG_WARN_OBJC_LITERAL_CONVERSION = YES;
				CLANG_WARN_OBJC_ROOT_CLASS = YES_ERROR;
				CLANG_WARN_QUOTED_INCLUDE_IN_FRAMEWORK_HEADER = YES;
				CLANG_WARN_RANGE_LOOP_ANALYSIS = YES;
				CLANG_WARN_STRICT_PROTOTYPES = YES;
				CLANG_WARN_SUSPICIOUS_MOVE = YES;
				CLANG_WARN_UNGUARDED_AVAILABILITY = YES_AGGRESSIVE;
				CLANG_WARN_UNREACHABLE_CODE = YES;
				CLANG_WARN__DUPLICATE_METHOD_MATCH = YES;
				COPY_PHASE_STRIP = NO;
				DEBUG_INFORMATION_FORMAT = dwarf;
				ENABLE_STRICT_OBJC_MSGSEND = YES;
				ENABLE_TESTABILITY = YES;
				GCC_C_LANGUAGE_STANDARD = gnu11;
				GCC_DYNAMIC_NO_PIC = NO;
				GCC_NO_COMMON_BLOCKS = YES;
				GCC_OPTIMIZATION_LEVEL = 0;
				GCC_PREPROCESSOR_DEFINITIONS = (
					"DEBUG=1",
					"$(inherited)",
				);
				GCC_WARN_64_TO_32_BIT_CONVERSION = YES;
				GCC_WARN_ABOUT_RETURN_TYPE = YES_ERROR;
				GCC_WARN_UNDECLARED_SELECTOR = YES;
				GCC_WARN_UNINITIALIZED_AUTOS = YES_AGGRESSIVE;
				GCC_WARN_UNUSED_FUNCTION = YES;
				GCC_WARN_UNUSED_VARIABLE = YES;
				IPHONEOS_DEPLOYMENT_TARGET = 16.1;
				MTL_ENABLE_DEBUG_INFO = INCLUDE_SOURCE;
				MTL_FAST_MATH = YES;
				ONLY_ACTIVE_ARCH = YES;
				SDKROOT = iphoneos;
				SWIFT_ACTIVE_COMPILATION_CONDITIONS = DEBUG;
				SWIFT_OPTIMIZATION_LEVEL = "-Onone";
			};
			name = Debug;
		};
		3140C899294F65A600D4E11B /* Release */ = {
			isa = XCBuildConfiguration;
			buildSettings = {
				ALWAYS_SEARCH_USER_PATHS = NO;
				CLANG_ANALYZER_NONNULL = YES;
				CLANG_ANALYZER_NUMBER_OBJECT_CONVERSION = YES_AGGRESSIVE;
				CLANG_CXX_LANGUAGE_STANDARD = "gnu++20";
				CLANG_ENABLE_MODULES = YES;
				CLANG_ENABLE_OBJC_ARC = YES;
				CLANG_ENABLE_OBJC_WEAK = YES;
				CLANG_WARN_BLOCK_CAPTURE_AUTORELEASING = YES;
				CLANG_WARN_BOOL_CONVERSION = YES;
				CLANG_WARN_COMMA = YES;
				CLANG_WARN_CONSTANT_CONVERSION = YES;
				CLANG_WARN_DEPRECATED_OBJC_IMPLEMENTATIONS = YES;
				CLANG_WARN_DIRECT_OBJC_ISA_USAGE = YES_ERROR;
				CLANG_WARN_DOCUMENTATION_COMMENTS = YES;
				CLANG_WARN_EMPTY_BODY = YES;
				CLANG_WARN_ENUM_CONVERSION = YES;
				CLANG_WARN_INFINITE_RECURSION = YES;
				CLANG_WARN_INT_CONVERSION = YES;
				CLANG_WARN_NON_LITERAL_NULL_CONVERSION = YES;
				CLANG_WARN_OBJC_IMPLICIT_RETAIN_SELF = YES;
				CLANG_WARN_OBJC_LITERAL_CONVERSION = YES;
				CLANG_WARN_OBJC_ROOT_CLASS = YES_ERROR;
				CLANG_WARN_QUOTED_INCLUDE_IN_FRAMEWORK_HEADER = YES;
				CLANG_WARN_RANGE_LOOP_ANALYSIS = YES;
				CLANG_WARN_STRICT_PROTOTYPES = YES;
				CLANG_WARN_SUSPICIOUS_MOVE = YES;
				CLANG_WARN_UNGUARDED_AVAILABILITY = YES_AGGRESSIVE;
				CLANG_WARN_UNREACHABLE_CODE = YES;
				CLANG_WARN__DUPLICATE_METHOD_MATCH = YES;
				COPY_PHASE_STRIP = NO;
				DEBUG_INFORMATION_FORMAT = "dwarf-with-dsym";
				ENABLE_NS_ASSERTIONS = NO;
				ENABLE_STRICT_OBJC_MSGSEND = YES;
				GCC_C_LANGUAGE_STANDARD = gnu11;
				GCC_NO_COMMON_BLOCKS = YES;
				GCC_WARN_64_TO_32_BIT_CONVERSION = YES;
				GCC_WARN_ABOUT_RETURN_TYPE = YES_ERROR;
				GCC_WARN_UNDECLARED_SELECTOR = YES;
				GCC_WARN_UNINITIALIZED_AUTOS = YES_AGGRESSIVE;
				GCC_WARN_UNUSED_FUNCTION = YES;
				GCC_WARN_UNUSED_VARIABLE = YES;
				IPHONEOS_DEPLOYMENT_TARGET = 16.1;
				MTL_ENABLE_DEBUG_INFO = NO;
				MTL_FAST_MATH = YES;
				SDKROOT = iphoneos;
				SWIFT_COMPILATION_MODE = wholemodule;
				SWIFT_OPTIMIZATION_LEVEL = "-O";
				VALIDATE_PRODUCT = YES;
			};
			name = Release;
		};
		3140C89B294F65A600D4E11B /* Debug */ = {
			isa = XCBuildConfiguration;
			buildSettings = {
				ASSETCATALOG_COMPILER_APPICON_NAME = AppIcon;
				ASSETCATALOG_COMPILER_GLOBAL_ACCENT_COLOR_NAME = AccentColor;
				CODE_SIGN_STYLE = Automatic;
				CURRENT_PROJECT_VERSION = 1;
				DEVELOPMENT_ASSET_PATHS = "\"Landmark Book/Preview Content\"";
				DEVELOPMENT_TEAM = AQYY3L8R3F;
				ENABLE_PREVIEWS = YES;
				GENERATE_INFOPLIST_FILE = YES;
				INFOPLIST_KEY_UIApplicationSceneManifest_Generation = YES;
				INFOPLIST_KEY_UIApplicationSupportsIndirectInputEvents = YES;
				INFOPLIST_KEY_UILaunchScreen_Generation = YES;
				INFOPLIST_KEY_UISupportedInterfaceOrientations_iPad = "UIInterfaceOrientationPortrait UIInterfaceOrientationPortraitUpsideDown UIInterfaceOrientationLandscapeLeft UIInterfaceOrientationLandscapeRight";
				INFOPLIST_KEY_UISupportedInterfaceOrientations_iPhone = "UIInterfaceOrientationPortrait UIInterfaceOrientationLandscapeLeft UIInterfaceOrientationLandscapeRight";
				LD_RUNPATH_SEARCH_PATHS = (
					"$(inherited)",
					"@executable_path/Frameworks",
				);
				MARKETING_VERSION = 1.0;
				PRODUCT_BUNDLE_IDENTIFIER = "com.ozancicek.Landmark-Book";
				PRODUCT_NAME = "$(TARGET_NAME)";
				SWIFT_EMIT_LOC_STRINGS = YES;
				SWIFT_VERSION = 5.0;
				TARGETED_DEVICE_FAMILY = "1,2";
			};
			name = Debug;
		};
		3140C89C294F65A600D4E11B /* Release */ = {
			isa = XCBuildConfiguration;
			buildSettings = {
				ASSETCATALOG_COMPILER_APPICON_NAME = AppIcon;
				ASSETCATALOG_COMPILER_GLOBAL_ACCENT_COLOR_NAME = AccentColor;
				CODE_SIGN_STYLE = Automatic;
				CURRENT_PROJECT_VERSION = 1;
				DEVELOPMENT_ASSET_PATHS = "\"Landmark Book/Preview Content\"";
				DEVELOPMENT_TEAM = AQYY3L8R3F;
				ENABLE_PREVIEWS = YES;
				GENERATE_INFOPLIST_FILE = YES;
				INFOPLIST_KEY_UIApplicationSceneManifest_Generation = YES;
				INFOPLIST_KEY_UIApplicationSupportsIndirectInputEvents = YES;
				INFOPLIST_KEY_UILaunchScreen_Generation = YES;
				INFOPLIST_KEY_UISupportedInterfaceOrientations_iPad = "UIInterfaceOrientationPortrait UIInterfaceOrientationPortraitUpsideDown UIInterfaceOrientationLandscapeLeft UIInterfaceOrientationLandscapeRight";
				INFOPLIST_KEY_UISupportedInterfaceOrientations_iPhone = "UIInterfaceOrientationPortrait UIInterfaceOrientationLandscapeLeft UIInterfaceOrientationLandscapeRight";
				LD_RUNPATH_SEARCH_PATHS = (
					"$(inherited)",
					"@executable_path/Frameworks",
				);
				MARKETING_VERSION = 1.0;
				PRODUCT_BUNDLE_IDENTIFIER = "com.ozancicek.Landmark-Book";
				PRODUCT_NAME = "$(TARGET_NAME)";
				SWIFT_EMIT_LOC_STRINGS = YES;
				SWIFT_VERSION = 5.0;
				TARGETED_DEVICE_FAMILY = "1,2";
			};
			name = Release;
		};
/* End XCBuildConfiguration section */

/* Begin XCConfigurationList section */
		3140C887294F65A500D4E11B /* Build configuration list for PBXProject "Landmark Book" */ = {
			isa = XCConfigurationList;
			buildConfigurations = (
				3140C898294F65A600D4E11B /* Debug */,
				3140C899294F65A600D4E11B /* Release */,
			);
			defaultConfigurationIsVisible = 0;
			defaultConfigurationName = Release;
		};
		3140C89A294F65A600D4E11B /* Build configuration list for PBXNativeTarget "Landmark Book" */ = {
			isa = XCConfigurationList;
			buildConfigurations = (
				3140C89B294F65A600D4E11B /* Debug */,
				3140C89C294F65A600D4E11B /* Release */,
			);
			defaultConfigurationIsVisible = 0;
			defaultConfigurationName = Release;
		};
/* End XCConfigurationList section */
	};
	rootObject = 3140C884294F65A500D4E11B /* Project object */;
}
